
Microsoft Visual Studio Solution File, Format Version 12.00
# Visual Studio Version 17
VisualStudioVersion = 17.11.35327.3
MinimumVisualStudioVersion = 10.0.40219.1
Project("{FAE04EC0-301F-11D3-BF4B-00C04F79EFBC}") = "BookStore.Domain", "BookStore.Domain\BookStore.Domain.csproj", "{372023E7-A84C-465A-8BDD-1333CEDC69D6}"
EndProject
Project("{FAE04EC0-301F-11D3-BF4B-00C04F79EFBC}") = "BookStore.Infrastructure", "BookStore.Infrastructure\BookStore.Infrastructure.csproj", "{9FCC1012-A6C8-4FCB-A9F0-7C3D3A956731}"
EndProject
Project("{FAE04EC0-301F-11D3-BF4B-00C04F79EFBC}") = "BookStore.Api", "BookStore.Api\BookStore.Api.csproj", "{258A55BC-6BA8-44C7-8109-40E8F3453094}"
EndProject
Global
	GlobalSection(SolutionConfigurationPlatforms) = preSolution
		Debug|Any CPU = Debug|Any CPU
		Release|Any CPU = Release|Any CPU
	EndGlobalSection
	GlobalSection(ProjectConfigurationPlatforms) = postSolution
		{372023E7-A84C-465A-8BDD-1333CEDC69D6}.Debug|Any CPU.ActiveCfg = Debug|Any CPU
		{372023E7-A84C-465A-8BDD-1333CEDC69D6}.Debug|Any CPU.Build.0 = Debug|Any CPU
		{372023E7-A84C-465A-8BDD-1333CEDC69D6}.Release|Any CPU.ActiveCfg = Release|Any CPU
		{372023E7-A84C-465A-8BDD-1333CEDC69D6}.Release|Any CPU.Build.0 = Release|Any CPU
		{9FCC1012-A6C8-4FCB-A9F0-7C3D3A956731}.Debug|Any CPU.ActiveCfg = Debug|Any CPU
		{9FCC1012-A6C8-4FCB-A9F0-7C3D3A956731}.Debug|Any CPU.Build.0 = Debug|Any CPU
		{9FCC1012-A6C8-4FCB-A9F0-7C3D3A956731}.Release|Any CPU.ActiveCfg = Release|Any CPU
		{9FCC1012-A6C8-4FCB-A9F0-7C3D3A956731}.Release|Any CPU.Build.0 = Release|Any CPU
		{258A55BC-6BA8-44C7-8109-40E8F3453094}.Debug|Any CPU.ActiveCfg = Debug|Any CPU
		{258A55BC-6BA8-44C7-8109-40E8F3453094}.Debug|Any CPU.Build.0 = Debug|Any CPU
		{258A55BC-6BA8-44C7-8109-40E8F3453094}.Release|Any CPU.ActiveCfg = Release|Any CPU
		{258A55BC-6BA8-44C7-8109-40E8F3453094}.Release|Any CPU.Build.0 = Release|Any CPU
	EndGlobalSection
	GlobalSection(SolutionProperties) = preSolution
		HideSolutionNode = FALSE
	EndGlobalSection
	GlobalSection(ExtensibilityGlobals) = postSolution
		SolutionGuid = {7206671E-4CC5-4B82-8067-FE6D4BCCF5B4}
	EndGlobalSection
EndGlobal
